{
  "name": "family-circle-maps",
  "lockfileVersion": 3,
  "requires": true,
  "packages": {
    "": {
      "name": "family-circle-maps",
      "dependencies": {
        "@protomaps/basemaps": "5.7.2"
      }
    },
    "node_modules/@protomaps/basemaps": {
      "version": "5.7.2",
      "resolved": "https://registry.npmjs.org/@protomaps/basemaps/-/basemaps-5.7.2.tgz",
      "integrity": "sha512-K1Yk6bWdULulYg+R2QRVXx4NzJZan5YQhpejEG0c1/sXruJrfPIPZuakpf3jwAgVmjIRVQwAv+yRafDeN0aaUQ==",
      "license": "BSD-3-Clause",
      "bin": {
        "generate_style": "src/cli.ts"
      }
    }
  }
}
